
Microsoft Visual Studio Solution File, Format Version 12.00
# Visual Studio 15
VisualStudioVersion = 15.0.28010.2036
MinimumVisualStudioVersion = 10.0.40219.1
Project("{FAE04EC0-301F-11D3-BF4B-00C04F79EFBC}") = "CommandLineAccess", "CommandLineAccess\CommandLineAccess.csproj", "{5995DB22-A1FA-484E-9247-2463D7A05109}"
EndProject
Project("{FAE04EC0-301F-11D3-BF4B-00C04F79EFBC}") = "CommandLineAccessDemo", "CommandLineAccessDemo\CommandLineAccessDemo.csproj", "{D36F426E-1D57-4230-8C88-FB573C0B4D19}"
EndProject
Global
	GlobalSection(SolutionConfigurationPlatforms) = preSolution
		Debug|Any CPU = Debug|Any CPU
		Release|Any CPU = Release|Any CPU
	EndGlobalSection
	GlobalSection(ProjectConfigurationPlatforms) = postSolution
		{5995DB22-A1FA-484E-9247-2463D7A05109}.Debug|Any CPU.ActiveCfg = Debug|Any CPU
		{5995DB22-A1FA-484E-9247-2463D7A05109}.Debug|Any CPU.Build.0 = Debug|Any CPU
		{5995DB22-A1FA-484E-9247-2463D7A05109}.Release|Any CPU.ActiveCfg = Release|Any CPU
		{5995DB22-A1FA-484E-9247-2463D7A05109}.Release|Any CPU.Build.0 = Release|Any CPU
		{D36F426E-1D57-4230-8C88-FB573C0B4D19}.Debug|Any CPU.ActiveCfg = Debug|Any CPU
		{D36F426E-1D57-4230-8C88-FB573C0B4D19}.Debug|Any CPU.Build.0 = Debug|Any CPU
		{D36F426E-1D57-4230-8C88-FB573C0B4D19}.Release|Any CPU.ActiveCfg = Release|Any CPU
		{D36F426E-1D57-4230-8C88-FB573C0B4D19}.Release|Any CPU.Build.0 = Release|Any CPU
	EndGlobalSection
	GlobalSection(SolutionProperties) = preSolution
		HideSolutionNode = FALSE
	EndGlobalSection
EndGlobal
